
Microsoft Visual Studio Solution File, Format Version 12.00
# Visual Studio Version 16
VisualStudioVersion = 16.0.31205.134
MinimumVisualStudioVersion = 10.0.40219.1
Project("{FAE04EC0-301F-11D3-BF4B-00C04F79EFBC}") = "Blacklamp.Web.Boilerplate.Api", "Blacklamp.Web.Boilerplate.Api\Blacklamp.Web.Boilerplate.Api.csproj", "{6EA0D921-DEDB-4A8A-AB5C-2222EB6B859F}"
EndProject
Project("{FAE04EC0-301F-11D3-BF4B-00C04F79EFBC}") = "Blacklamp.Web.Boilerplate.Infrastructure", "Blacklamp.Web.Boilerplate.Infrastructure\Blacklamp.Web.Boilerplate.Infrastructure.csproj", "{390CFADD-CACE-4A60-9643-73787E6D555F}"
EndProject
Project("{FAE04EC0-301F-11D3-BF4B-00C04F79EFBC}") = "Blacklamp.Web.Boilerplate.Core", "Blacklamp.Web.Boilerplate.Core\Blacklamp.Web.Boilerplate.Core.csproj", "{D20D87F7-5413-4F4F-B21C-9BCE050CCB77}"
EndProject
Global
	GlobalSection(SolutionConfigurationPlatforms) = preSolution
		Debug|Any CPU = Debug|Any CPU
		Release|Any CPU = Release|Any CPU
	EndGlobalSection
	GlobalSection(ProjectConfigurationPlatforms) = postSolution
		{6EA0D921-DEDB-4A8A-AB5C-2222EB6B859F}.Debug|Any CPU.ActiveCfg = Debug|Any CPU
		{6EA0D921-DEDB-4A8A-AB5C-2222EB6B859F}.Debug|Any CPU.Build.0 = Debug|Any CPU
		{6EA0D921-DEDB-4A8A-AB5C-2222EB6B859F}.Release|Any CPU.ActiveCfg = Release|Any CPU
		{6EA0D921-DEDB-4A8A-AB5C-2222EB6B859F}.Release|Any CPU.Build.0 = Release|Any CPU
		{390CFADD-CACE-4A60-9643-73787E6D555F}.Debug|Any CPU.ActiveCfg = Debug|Any CPU
		{390CFADD-CACE-4A60-9643-73787E6D555F}.Debug|Any CPU.Build.0 = Debug|Any CPU
		{390CFADD-CACE-4A60-9643-73787E6D555F}.Release|Any CPU.ActiveCfg = Release|Any CPU
		{390CFADD-CACE-4A60-9643-73787E6D555F}.Release|Any CPU.Build.0 = Release|Any CPU
		{D20D87F7-5413-4F4F-B21C-9BCE050CCB77}.Debug|Any CPU.ActiveCfg = Debug|Any CPU
		{D20D87F7-5413-4F4F-B21C-9BCE050CCB77}.Debug|Any CPU.Build.0 = Debug|Any CPU
		{D20D87F7-5413-4F4F-B21C-9BCE050CCB77}.Release|Any CPU.ActiveCfg = Release|Any CPU
		{D20D87F7-5413-4F4F-B21C-9BCE050CCB77}.Release|Any CPU.Build.0 = Release|Any CPU
	EndGlobalSection
	GlobalSection(SolutionProperties) = preSolution
		HideSolutionNode = FALSE
	EndGlobalSection
	GlobalSection(ExtensibilityGlobals) = postSolution
		SolutionGuid = {4202F7F5-213E-4237-80AB-36BEEACDAFF7}
	EndGlobalSection
EndGlobal
